
Microsoft Visual Studio Solution File, Format Version 12.00
# Visual Studio 2012
Project("{FAE04EC0-301F-11D3-BF4B-00C04F79EFBC}") = "VideoStreamer", "VideoStreamer\VideoStreamer.csproj", "{3C2F5C9F-E0CC-4404-8CEA-75EC5FB9AA8E}"
EndProject
Project("{FAE04EC0-301F-11D3-BF4B-00C04F79EFBC}") = "ProcessStreamer", "ProcessStreamer\ProcessStreamer.csproj", "{8F06A76D-E0A3-42B6-ACB8-4F0E9DADBD8E}"
EndProject
Global
	GlobalSection(SolutionConfigurationPlatforms) = preSolution
		Debug|Any CPU = Debug|Any CPU
		Release|Any CPU = Release|Any CPU
	EndGlobalSection
	GlobalSection(ProjectConfigurationPlatforms) = postSolution
		{3C2F5C9F-E0CC-4404-8CEA-75EC5FB9AA8E}.Debug|Any CPU.ActiveCfg = Debug|Any CPU
		{3C2F5C9F-E0CC-4404-8CEA-75EC5FB9AA8E}.Debug|Any CPU.Build.0 = Debug|Any CPU
		{3C2F5C9F-E0CC-4404-8CEA-75EC5FB9AA8E}.Release|Any CPU.ActiveCfg = Release|Any CPU
		{3C2F5C9F-E0CC-4404-8CEA-75EC5FB9AA8E}.Release|Any CPU.Build.0 = Release|Any CPU
		{8F06A76D-E0A3-42B6-ACB8-4F0E9DADBD8E}.Debug|Any CPU.ActiveCfg = Debug|Any CPU
		{8F06A76D-E0A3-42B6-ACB8-4F0E9DADBD8E}.Debug|Any CPU.Build.0 = Debug|Any CPU
		{8F06A76D-E0A3-42B6-ACB8-4F0E9DADBD8E}.Release|Any CPU.ActiveCfg = Release|Any CPU
		{8F06A76D-E0A3-42B6-ACB8-4F0E9DADBD8E}.Release|Any CPU.Build.0 = Release|Any CPU
	EndGlobalSection
EndGlobal
